
Microsoft Visual Studio Solution File, Format Version 12.00
# Visual Studio Version 17
VisualStudioVersion = 17.0.31512.422
MinimumVisualStudioVersion = 10.0.40219.1
Project("{FAE04EC0-301F-11D3-BF4B-00C04F79EFBC}") = "TicTacToe", "TicTacToe\TicTacToe.csproj", "{C75622D8-4C97-49FA-8D8D-6141597C346E}"
EndProject
Global
	GlobalSection(SolutionConfigurationPlatforms) = preSolution
		Debug|Any CPU = Debug|Any CPU
		Release|Any CPU = Release|Any CPU
	EndGlobalSection
	GlobalSection(ProjectConfigurationPlatforms) = postSolution
		{C75622D8-4C97-49FA-8D8D-6141597C346E}.Debug|Any CPU.ActiveCfg = Debug|Any CPU
		{C75622D8-4C97-49FA-8D8D-6141597C346E}.Debug|Any CPU.Build.0 = Debug|Any CPU
		{C75622D8-4C97-49FA-8D8D-6141597C346E}.Release|Any CPU.ActiveCfg = Release|Any CPU
		{C75622D8-4C97-49FA-8D8D-6141597C346E}.Release|Any CPU.Build.0 = Release|Any CPU
	EndGlobalSection
	GlobalSection(SolutionProperties) = preSolution
		HideSolutionNode = FALSE
	EndGlobalSection
	GlobalSection(ExtensibilityGlobals) = postSolution
		SolutionGuid = {CF710DE1-3E3D-49F8-B90E-34826577F063}
	EndGlobalSection
EndGlobal
